
Microsoft Visual Studio Solution File, Format Version 12.00
# Visual Studio 14
VisualStudioVersion = 14.0.24720.0
MinimumVisualStudioVersion = 10.0.40219.1
Project("{8BB2217D-0F2D-49D1-97BC-3654ED321F3B}") = "Stormpath.Configuration", "Stormpath.Configuration\Stormpath.Configuration.xproj", "{734117C4-70D3-47D1-891A-ECCEB2FC2844}"
EndProject
Project("{8BB2217D-0F2D-49D1-97BC-3654ED321F3B}") = "Stormpath.Configuration.Test", "Stormpath.Configuration.Test\Stormpath.Configuration.Test.xproj", "{C818234B-15E4-45B5-AAA0-BB93C95319D3}"
EndProject
Project("{8BB2217D-0F2D-49D1-97BC-3654ED321F3B}") = "Contrib.Stormpath.PropertiesFile", "Microsoft.Extensions.Configuration.Contrib.Stormpath.PropertiesFile\Contrib.Stormpath.PropertiesFile.xproj", "{1EB64C2F-E6F8-4AD4-92C1-7CE4146A631B}"
EndProject
Project("{8BB2217D-0F2D-49D1-97BC-3654ED321F3B}") = "Contrib.Stormpath.PropertiesFile.Test", "Microsoft.Extensions.Configuration.Contrib.Stormpath.PropertiesFile.Test\Contrib.Stormpath.PropertiesFile.Test.xproj", "{DC4E4239-C8D8-4923-B965-0637F1DA3209}"
EndProject
Global
	GlobalSection(SolutionConfigurationPlatforms) = preSolution
		Debug|Any CPU = Debug|Any CPU
		Release|Any CPU = Release|Any CPU
	EndGlobalSection
	GlobalSection(ProjectConfigurationPlatforms) = postSolution
		{734117C4-70D3-47D1-891A-ECCEB2FC2844}.Debug|Any CPU.ActiveCfg = Debug|Any CPU
		{734117C4-70D3-47D1-891A-ECCEB2FC2844}.Debug|Any CPU.Build.0 = Debug|Any CPU
		{734117C4-70D3-47D1-891A-ECCEB2FC2844}.Release|Any CPU.ActiveCfg = Release|Any CPU
		{734117C4-70D3-47D1-891A-ECCEB2FC2844}.Release|Any CPU.Build.0 = Release|Any CPU
		{C818234B-15E4-45B5-AAA0-BB93C95319D3}.Debug|Any CPU.ActiveCfg = Debug|Any CPU
		{C818234B-15E4-45B5-AAA0-BB93C95319D3}.Debug|Any CPU.Build.0 = Debug|Any CPU
		{C818234B-15E4-45B5-AAA0-BB93C95319D3}.Release|Any CPU.ActiveCfg = Release|Any CPU
		{C818234B-15E4-45B5-AAA0-BB93C95319D3}.Release|Any CPU.Build.0 = Release|Any CPU
		{1EB64C2F-E6F8-4AD4-92C1-7CE4146A631B}.Debug|Any CPU.ActiveCfg = Debug|Any CPU
		{1EB64C2F-E6F8-4AD4-92C1-7CE4146A631B}.Debug|Any CPU.Build.0 = Debug|Any CPU
		{1EB64C2F-E6F8-4AD4-92C1-7CE4146A631B}.Release|Any CPU.ActiveCfg = Release|Any CPU
		{1EB64C2F-E6F8-4AD4-92C1-7CE4146A631B}.Release|Any CPU.Build.0 = Release|Any CPU
		{DC4E4239-C8D8-4923-B965-0637F1DA3209}.Debug|Any CPU.ActiveCfg = Debug|Any CPU
		{DC4E4239-C8D8-4923-B965-0637F1DA3209}.Debug|Any CPU.Build.0 = Debug|Any CPU
		{DC4E4239-C8D8-4923-B965-0637F1DA3209}.Release|Any CPU.ActiveCfg = Release|Any CPU
		{DC4E4239-C8D8-4923-B965-0637F1DA3209}.Release|Any CPU.Build.0 = Release|Any CPU
	EndGlobalSection
	GlobalSection(SolutionProperties) = preSolution
		HideSolutionNode = FALSE
	EndGlobalSection
EndGlobal
